
Microsoft Visual Studio Solution File, Format Version 12.00
# Visual Studio 2013
VisualStudioVersion = 12.0.40629.0
MinimumVisualStudioVersion = 10.0.40219.1
Project("{FAE04EC0-301F-11D3-BF4B-00C04F79EFBC}") = "Runner", "Runner\Runner.csproj", "{387CBFB2-8818-4004-A708-33BF8B400876}"
EndProject
Project("{FAE04EC0-301F-11D3-BF4B-00C04F79EFBC}") = "SequenceAnalysis", "SequenceAnalysis\SequenceAnalysis.csproj", "{6615E5D1-14FC-4C5B-9B69-4D947107D61E}"
EndProject
Project("{FAE04EC0-301F-11D3-BF4B-00C04F79EFBC}") = "SumOfMultiple", "SumOfMultiple\SumOfMultiple.csproj", "{5E1E72D1-F69F-46DD-9FA1-B94F41C7D8EA}"
EndProject
Global
	GlobalSection(SolutionConfigurationPlatforms) = preSolution
		Debug|Any CPU = Debug|Any CPU
		Release|Any CPU = Release|Any CPU
	EndGlobalSection
	GlobalSection(ProjectConfigurationPlatforms) = postSolution
		{387CBFB2-8818-4004-A708-33BF8B400876}.Debug|Any CPU.ActiveCfg = Debug|Any CPU
		{387CBFB2-8818-4004-A708-33BF8B400876}.Debug|Any CPU.Build.0 = Debug|Any CPU
		{387CBFB2-8818-4004-A708-33BF8B400876}.Release|Any CPU.ActiveCfg = Release|Any CPU
		{387CBFB2-8818-4004-A708-33BF8B400876}.Release|Any CPU.Build.0 = Release|Any CPU
		{6615E5D1-14FC-4C5B-9B69-4D947107D61E}.Debug|Any CPU.ActiveCfg = Debug|Any CPU
		{6615E5D1-14FC-4C5B-9B69-4D947107D61E}.Debug|Any CPU.Build.0 = Debug|Any CPU
		{6615E5D1-14FC-4C5B-9B69-4D947107D61E}.Release|Any CPU.ActiveCfg = Release|Any CPU
		{6615E5D1-14FC-4C5B-9B69-4D947107D61E}.Release|Any CPU.Build.0 = Release|Any CPU
		{5E1E72D1-F69F-46DD-9FA1-B94F41C7D8EA}.Debug|Any CPU.ActiveCfg = Debug|Any CPU
		{5E1E72D1-F69F-46DD-9FA1-B94F41C7D8EA}.Debug|Any CPU.Build.0 = Debug|Any CPU
		{5E1E72D1-F69F-46DD-9FA1-B94F41C7D8EA}.Release|Any CPU.ActiveCfg = Release|Any CPU
		{5E1E72D1-F69F-46DD-9FA1-B94F41C7D8EA}.Release|Any CPU.Build.0 = Release|Any CPU
	EndGlobalSection
	GlobalSection(SolutionProperties) = preSolution
		HideSolutionNode = FALSE
	EndGlobalSection
EndGlobal
